Microsoft Visual Studio Solution File, Format Version 12.00
# Visual Studio Version 17
VisualStudioVersion = 17.5.2.0
MinimumVisualStudioVersion = 10.0.40219.1
Project("{FAE04EC0-301F-11D3-BF4B-00C04F79EFBC}") = "dnbn.net", "dnbn.net.csproj", "{C964630A-7232-A249-3569-65D970F4C5FC}"
EndProject
Project("{2150E333-8FDC-42A3-9474-1A3956D46DE8}") = "Samples", "Samples", "{5D20AA90-6969-D8BD-9DCD-8634F4692FDA}"
EndProject
Project("{FAE04EC0-301F-11D3-BF4B-00C04F79EFBC}") = "TcpMessenger.Sample", "Samples\TcpMessenger.Sample\TcpMessenger.Sample.csproj", "{2FF2BEB7-5143-9EF2-D175-BF3CC005DABA}"
EndProject
Global
	GlobalSection(SolutionConfigurationPlatforms) = preSolution
		Debug|Any CPU = Debug|Any CPU
		Release|Any CPU = Release|Any CPU
	EndGlobalSection
	GlobalSection(ProjectConfigurationPlatforms) = postSolution
		{C964630A-7232-A249-3569-65D970F4C5FC}.Debug|Any CPU.ActiveCfg = Debug|Any CPU
		{C964630A-7232-A249-3569-65D970F4C5FC}.Debug|Any CPU.Build.0 = Debug|Any CPU
		{C964630A-7232-A249-3569-65D970F4C5FC}.Release|Any CPU.ActiveCfg = Release|Any CPU
		{C964630A-7232-A249-3569-65D970F4C5FC}.Release|Any CPU.Build.0 = Release|Any CPU
		{2FF2BEB7-5143-9EF2-D175-BF3CC005DABA}.Debug|Any CPU.ActiveCfg = Debug|Any CPU
		{2FF2BEB7-5143-9EF2-D175-BF3CC005DABA}.Debug|Any CPU.Build.0 = Debug|Any CPU
		{2FF2BEB7-5143-9EF2-D175-BF3CC005DABA}.Release|Any CPU.ActiveCfg = Release|Any CPU
		{2FF2BEB7-5143-9EF2-D175-BF3CC005DABA}.Release|Any CPU.Build.0 = Release|Any CPU
	EndGlobalSection
	GlobalSection(SolutionProperties) = preSolution
		HideSolutionNode = FALSE
	EndGlobalSection
	GlobalSection(NestedProjects) = preSolution
		{2FF2BEB7-5143-9EF2-D175-BF3CC005DABA} = {5D20AA90-6969-D8BD-9DCD-8634F4692FDA}
	EndGlobalSection
	GlobalSection(ExtensibilityGlobals) = postSolution
		SolutionGuid = {97223F7A-0793-4AEC-83C2-1AB95F64F4C1}
	EndGlobalSection
EndGlobal
