
Microsoft Visual Studio Solution File, Format Version 12.00
# Visual Studio Version 17
VisualStudioVersion = 17.5.2.0
MinimumVisualStudioVersion = 10.0.40219.1
Project("{FAE04EC0-301F-11D3-BF4B-00C04F79EFBC}") = "dnbn.net", "dnbn.net.csproj", "{C964630A-7232-A249-3569-65D970F4C5FC}"
EndProject
Project("{2150E333-8FDC-42A3-9474-1A3956D46DE8}") = "Extensions", "Extensions", "{BE133D91-034E-1084-498B-FF24C4084A55}"
EndProject
Project("{FAE04EC0-301F-11D3-BF4B-00C04F79EFBC}") = "Dnbn.WebUI", "Extensions\Dnbn.WebUI\Dnbn.WebUI.csproj", "{B13A7408-26A9-4965-977A-CD920489D21B}"
EndProject
Project("{2150E333-8FDC-42A3-9474-1A3956D46DE8}") = "Tests", "Tests", "{0AB3BF05-4346-4AA6-1389-037BE0695223}"
EndProject
Project("{FAE04EC0-301F-11D3-BF4B-00C04F79EFBC}") = "Dnbn.Tests", "Tests\Dnbn.Tests\Dnbn.Tests.csproj", "{E50D56EA-3E88-418F-91AE-86C433E40375}"
EndProject
Project("{FAE04EC0-301F-11D3-BF4B-00C04F79EFBC}") = "Dnbn.Tests.NetStandard", "Tests\Dnbn.Tests.NetStandard\Dnbn.Tests.NetStandard.csproj", "{7C2EA741-DDE3-4A5D-BA08-45C8106B2F2C}"
EndProject
Project("{2150E333-8FDC-42A3-9474-1A3956D46DE8}") = "Samples", "Samples", "{5D20AA90-6969-D8BD-9DCD-8634F4692FDA}"
EndProject
Project("{FAE04EC0-301F-11D3-BF4B-00C04F79EFBC}") = "Dnbn.Sample", "Samples\Dnbn.Sample\Dnbn.Sample.csproj", "{5F6F9888-807C-460D-B913-56610AEC544B}"
EndProject
Project("{FAE04EC0-301F-11D3-BF4B-00C04F79EFBC}") = "Dnbn.Sample.NetFramework", "Samples\Dnbn.Sample.NetFramework\Dnbn.Sample.NetFramework.csproj", "{2E9096CC-05CF-4174-B3FA-32D094C5BB9F}"
EndProject
Global
	GlobalSection(SolutionConfigurationPlatforms) = preSolution
		Debug|Any CPU = Debug|Any CPU
		Debug|x64 = Debug|x64
		Debug|x86 = Debug|x86
		Release|Any CPU = Release|Any CPU
		Release|x64 = Release|x64
		Release|x86 = Release|x86
	EndGlobalSection
	GlobalSection(ProjectConfigurationPlatforms) = postSolution
		{C964630A-7232-A249-3569-65D970F4C5FC}.Debug|Any CPU.ActiveCfg = Debug|Any CPU
		{C964630A-7232-A249-3569-65D970F4C5FC}.Debug|Any CPU.Build.0 = Debug|Any CPU
		{C964630A-7232-A249-3569-65D970F4C5FC}.Debug|x64.ActiveCfg = Debug|Any CPU
		{C964630A-7232-A249-3569-65D970F4C5FC}.Debug|x64.Build.0 = Debug|Any CPU
		{C964630A-7232-A249-3569-65D970F4C5FC}.Debug|x86.ActiveCfg = Debug|Any CPU
		{C964630A-7232-A249-3569-65D970F4C5FC}.Debug|x86.Build.0 = Debug|Any CPU
		{C964630A-7232-A249-3569-65D970F4C5FC}.Release|Any CPU.ActiveCfg = Release|Any CPU
		{C964630A-7232-A249-3569-65D970F4C5FC}.Release|Any CPU.Build.0 = Release|Any CPU
		{C964630A-7232-A249-3569-65D970F4C5FC}.Release|x64.ActiveCfg = Release|Any CPU
		{C964630A-7232-A249-3569-65D970F4C5FC}.Release|x64.Build.0 = Release|Any CPU
		{C964630A-7232-A249-3569-65D970F4C5FC}.Release|x86.ActiveCfg = Release|Any CPU
		{C964630A-7232-A249-3569-65D970F4C5FC}.Release|x86.Build.0 = Release|Any CPU
		{B13A7408-26A9-4965-977A-CD920489D21B}.Debug|Any CPU.ActiveCfg = Debug|Any CPU
		{B13A7408-26A9-4965-977A-CD920489D21B}.Debug|Any CPU.Build.0 = Debug|Any CPU
		{B13A7408-26A9-4965-977A-CD920489D21B}.Debug|x64.ActiveCfg = Debug|Any CPU
		{B13A7408-26A9-4965-977A-CD920489D21B}.Debug|x64.Build.0 = Debug|Any CPU
		{B13A7408-26A9-4965-977A-CD920489D21B}.Debug|x86.ActiveCfg = Debug|Any CPU
		{B13A7408-26A9-4965-977A-CD920489D21B}.Debug|x86.Build.0 = Debug|Any CPU
		{B13A7408-26A9-4965-977A-CD920489D21B}.Release|Any CPU.ActiveCfg = Release|Any CPU
		{B13A7408-26A9-4965-977A-CD920489D21B}.Release|Any CPU.Build.0 = Release|Any CPU
		{B13A7408-26A9-4965-977A-CD920489D21B}.Release|x64.ActiveCfg = Release|Any CPU
		{B13A7408-26A9-4965-977A-CD920489D21B}.Release|x64.Build.0 = Release|Any CPU
		{B13A7408-26A9-4965-977A-CD920489D21B}.Release|x86.ActiveCfg = Release|Any CPU
		{B13A7408-26A9-4965-977A-CD920489D21B}.Release|x86.Build.0 = Release|Any CPU
		{E50D56EA-3E88-418F-91AE-86C433E40375}.Debug|Any CPU.ActiveCfg = Debug|Any CPU
		{E50D56EA-3E88-418F-91AE-86C433E40375}.Debug|Any CPU.Build.0 = Debug|Any CPU
		{E50D56EA-3E88-418F-91AE-86C433E40375}.Debug|x64.ActiveCfg = Debug|Any CPU
		{E50D56EA-3E88-418F-91AE-86C433E40375}.Debug|x64.Build.0 = Debug|Any CPU
		{E50D56EA-3E88-418F-91AE-86C433E40375}.Debug|x86.ActiveCfg = Debug|Any CPU
		{E50D56EA-3E88-418F-91AE-86C433E40375}.Debug|x86.Build.0 = Debug|Any CPU
		{E50D56EA-3E88-418F-91AE-86C433E40375}.Release|Any CPU.ActiveCfg = Release|Any CPU
		{E50D56EA-3E88-418F-91AE-86C433E40375}.Release|Any CPU.Build.0 = Release|Any CPU
		{E50D56EA-3E88-418F-91AE-86C433E40375}.Release|x64.ActiveCfg = Release|Any CPU
		{E50D56EA-3E88-418F-91AE-86C433E40375}.Release|x64.Build.0 = Release|Any CPU
		{E50D56EA-3E88-418F-91AE-86C433E40375}.Release|x86.ActiveCfg = Release|Any CPU
		{E50D56EA-3E88-418F-91AE-86C433E40375}.Release|x86.Build.0 = Release|Any CPU
		{7C2EA741-DDE3-4A5D-BA08-45C8106B2F2C}.Debug|Any CPU.ActiveCfg = Debug|Any CPU
		{7C2EA741-DDE3-4A5D-BA08-45C8106B2F2C}.Debug|Any CPU.Build.0 = Debug|Any CPU
		{7C2EA741-DDE3-4A5D-BA08-45C8106B2F2C}.Debug|x64.ActiveCfg = Debug|Any CPU
		{7C2EA741-DDE3-4A5D-BA08-45C8106B2F2C}.Debug|x64.Build.0 = Debug|Any CPU
		{7C2EA741-DDE3-4A5D-BA08-45C8106B2F2C}.Debug|x86.ActiveCfg = Debug|Any CPU
		{7C2EA741-DDE3-4A5D-BA08-45C8106B2F2C}.Debug|x86.Build.0 = Debug|Any CPU
		{7C2EA741-DDE3-4A5D-BA08-45C8106B2F2C}.Release|Any CPU.ActiveCfg = Release|Any CPU
		{7C2EA741-DDE3-4A5D-BA08-45C8106B2F2C}.Release|Any CPU.Build.0 = Release|Any CPU
		{7C2EA741-DDE3-4A5D-BA08-45C8106B2F2C}.Release|x64.ActiveCfg = Release|Any CPU
		{7C2EA741-DDE3-4A5D-BA08-45C8106B2F2C}.Release|x64.Build.0 = Release|Any CPU
		{7C2EA741-DDE3-4A5D-BA08-45C8106B2F2C}.Release|x86.ActiveCfg = Release|Any CPU
		{7C2EA741-DDE3-4A5D-BA08-45C8106B2F2C}.Release|x86.Build.0 = Release|Any CPU
		{5F6F9888-807C-460D-B913-56610AEC544B}.Debug|Any CPU.ActiveCfg = Debug|Any CPU
		{5F6F9888-807C-460D-B913-56610AEC544B}.Debug|Any CPU.Build.0 = Debug|Any CPU
		{5F6F9888-807C-460D-B913-56610AEC544B}.Debug|x64.ActiveCfg = Debug|Any CPU
		{5F6F9888-807C-460D-B913-56610AEC544B}.Debug|x64.Build.0 = Debug|Any CPU
		{5F6F9888-807C-460D-B913-56610AEC544B}.Debug|x86.ActiveCfg = Debug|Any CPU
		{5F6F9888-807C-460D-B913-56610AEC544B}.Debug|x86.Build.0 = Debug|Any CPU
		{5F6F9888-807C-460D-B913-56610AEC544B}.Release|Any CPU.ActiveCfg = Release|Any CPU
		{5F6F9888-807C-460D-B913-56610AEC544B}.Release|Any CPU.Build.0 = Release|Any CPU
		{5F6F9888-807C-460D-B913-56610AEC544B}.Release|x64.ActiveCfg = Release|Any CPU
		{5F6F9888-807C-460D-B913-56610AEC544B}.Release|x64.Build.0 = Release|Any CPU
		{5F6F9888-807C-460D-B913-56610AEC544B}.Release|x86.ActiveCfg = Release|Any CPU
		{5F6F9888-807C-460D-B913-56610AEC544B}.Release|x86.Build.0 = Release|Any CPU
		{2E9096CC-05CF-4174-B3FA-32D094C5BB9F}.Debug|Any CPU.ActiveCfg = Debug|Any CPU
		{2E9096CC-05CF-4174-B3FA-32D094C5BB9F}.Debug|Any CPU.Build.0 = Debug|Any CPU
		{2E9096CC-05CF-4174-B3FA-32D094C5BB9F}.Debug|x64.ActiveCfg = Debug|Any CPU
		{2E9096CC-05CF-4174-B3FA-32D094C5BB9F}.Debug|x64.Build.0 = Debug|Any CPU
		{2E9096CC-05CF-4174-B3FA-32D094C5BB9F}.Debug|x86.ActiveCfg = Debug|Any CPU
		{2E9096CC-05CF-4174-B3FA-32D094C5BB9F}.Debug|x86.Build.0 = Debug|Any CPU
		{2E9096CC-05CF-4174-B3FA-32D094C5BB9F}.Release|Any CPU.ActiveCfg = Release|Any CPU
		{2E9096CC-05CF-4174-B3FA-32D094C5BB9F}.Release|Any CPU.Build.0 = Release|Any CPU
		{2E9096CC-05CF-4174-B3FA-32D094C5BB9F}.Release|x64.ActiveCfg = Release|Any CPU
		{2E9096CC-05CF-4174-B3FA-32D094C5BB9F}.Release|x64.Build.0 = Release|Any CPU
		{2E9096CC-05CF-4174-B3FA-32D094C5BB9F}.Release|x86.ActiveCfg = Release|Any CPU
		{2E9096CC-05CF-4174-B3FA-32D094C5BB9F}.Release|x86.Build.0 = Release|Any CPU
	EndGlobalSection
	GlobalSection(SolutionProperties) = preSolution
		HideSolutionNode = FALSE
	EndGlobalSection
	GlobalSection(NestedProjects) = preSolution
		{B13A7408-26A9-4965-977A-CD920489D21B} = {BE133D91-034E-1084-498B-FF24C4084A55}
		{E50D56EA-3E88-418F-91AE-86C433E40375} = {0AB3BF05-4346-4AA6-1389-037BE0695223}
		{7C2EA741-DDE3-4A5D-BA08-45C8106B2F2C} = {0AB3BF05-4346-4AA6-1389-037BE0695223}
		{5F6F9888-807C-460D-B913-56610AEC544B} = {5D20AA90-6969-D8BD-9DCD-8634F4692FDA}
		{2E9096CC-05CF-4174-B3FA-32D094C5BB9F} = {5D20AA90-6969-D8BD-9DCD-8634F4692FDA}
	EndGlobalSection
	GlobalSection(ExtensibilityGlobals) = postSolution
		SolutionGuid = {97223F7A-0793-4AEC-83C2-1AB95F64F4C1}
	EndGlobalSection
EndGlobal
